
Microsoft Visual Studio Solution File, Format Version 12.00
# Visual Studio Version 17
VisualStudioVersion = 17.8.34309.116
MinimumVisualStudioVersion = 10.0.40219.1
Project("{2150E333-8FDC-42A3-9474-1A3956D46DE8}") = "src", "src", "{183D4AC0-102B-4F63-9E98-985741C19D85}"
EndProject
Project("{2150E333-8FDC-42A3-9474-1A3956D46DE8}") = "01-Domain", "01-Domain", "{4C26AA06-C661-4EBC-B66A-623F9BBA95FB}"
EndProject
Project("{2150E333-8FDC-42A3-9474-1A3956D46DE8}") = "02-Infrastructure", "02-Infrastructure", "{C9E27FEE-5C04-4AD2-A088-D6DBED56C7A7}"
EndProject
Project("{2150E333-8FDC-42A3-9474-1A3956D46DE8}") = "03-Endpoint", "03-Endpoint", "{345BD0FF-E5F5-4FA6-9A40-EAF1496D5AAF}"
EndProject
Project("{2150E333-8FDC-42A3-9474-1A3956D46DE8}") = "Core", "Core", "{A3831D1F-FE39-469B-B2FC-FEA1C4ED9D7A}"
EndProject
Project("{2150E333-8FDC-42A3-9474-1A3956D46DE8}") = "Services", "Services", "{E38F1F7C-B3A8-4C81-B5C8-4009F4F17BB2}"
EndProject
Project("{2150E333-8FDC-42A3-9474-1A3956D46DE8}") = "DataAccess", "DataAccess", "{4E089312-7E89-4E01-842A-B26458748387}"
EndProject
Project("{2150E333-8FDC-42A3-9474-1A3956D46DE8}") = "DataBase", "DataBase", "{B5F0D6D3-4CE4-4EF3-A4A7-5DB78E0DD2C0}"
EndProject
Project("{9A19103F-16F7-4668-BE54-9A1E7A4F7556}") = "HomeServices.Endpoint.RazorPages.UI", "HomeServices.Endpoint.RazorPages.UI\HomeServices.Endpoint.RazorPages.UI.csproj", "{85E3C016-7091-418F-9FC8-31DD428CAF62}"
EndProject
Project("{9A19103F-16F7-4668-BE54-9A1E7A4F7556}") = "HomeService.Core", "HomeService.Core\HomeService.Core.csproj", "{FBDFD160-A708-4BB0-B49C-8B51ECE88E7E}"
EndProject
Project("{2150E333-8FDC-42A3-9474-1A3956D46DE8}") = "AppServices", "AppServices", "{B6198969-C703-4DBA-9806-96497769BC87}"
EndProject
Project("{2150E333-8FDC-42A3-9474-1A3956D46DE8}") = "Services", "Services", "{E624B208-EA5F-497C-9860-0384A2DCDE95}"
EndProject
Project("{9A19103F-16F7-4668-BE54-9A1E7A4F7556}") = "HomeService.Core.Services.AppServices", "HomeService.Core.Services.AppServices\HomeService.Core.Services.AppServices.csproj", "{4B1E1D12-D312-4057-92F8-38661A2D6095}"
EndProject
Project("{9A19103F-16F7-4668-BE54-9A1E7A4F7556}") = "HomeService.Core.Services.Services", "HomeService.Core.Services.Services\HomeService.Core.Services.Services.csproj", "{7559AF3A-F1E7-44D9-9960-7B38313A9BFC}"
EndProject
Project("{9A19103F-16F7-4668-BE54-9A1E7A4F7556}") = "HomeService.Infrastructure.DataAccess.Repo.Ef", "HomeService.Infrastructure.DataAccess.Repo.Ef\HomeService.Infrastructure.DataAccess.Repo.Ef.csproj", "{762EDB6A-060B-4447-B67B-8E9772D8CADA}"
EndProject
Project("{9A19103F-16F7-4668-BE54-9A1E7A4F7556}") = "HomeService.Infrastructure.DataBase.Sql.Ef", "HomeService.Infrastructure.DataBase.Sql.Ef\HomeService.Infrastructure.DataBase.Sql.Ef.csproj", "{F418531D-1E70-43FD-AFCB-927E45F26105}"
EndProject
Project("{2150E333-8FDC-42A3-9474-1A3956D46DE8}") = "00-Framework", "00-Framework", "{927A46DF-6799-4088-B25D-D0BC4BF3FB0F}"
EndProject
Project("{9A19103F-16F7-4668-BE54-9A1E7A4F7556}") = "Framework", "Framework\Framework.csproj", "{6025D179-1294-4471-A40E-D38F535E310C}"
EndProject
Project("{9A19103F-16F7-4668-BE54-9A1E7A4F7556}") = "HomeService.Endpoint.WebApi", "HomeService.Endpoint.WebApi\HomeService.Endpoint.WebApi.csproj", "{90DAAE71-1FF7-48B7-8AF7-4EE8869B4A14}"
EndProject
Project("{9A19103F-16F7-4668-BE54-9A1E7A4F7556}") = "HomeService.Infrastructure.DataBase.Sql.Dapper", "HomeService.Infrastructure.DataBase.Sql.Dapper\HomeService.Infrastructure.DataBase.Sql.Dapper.csproj", "{2F0C29C9-1674-4036-8BB6-112123DF619A}"
EndProject
Global
	GlobalSection(SolutionConfigurationPlatforms) = preSolution
		Debug|Any CPU = Debug|Any CPU
		Release|Any CPU = Release|Any CPU
	EndGlobalSection
	GlobalSection(ProjectConfigurationPlatforms) = postSolution
		{85E3C016-7091-418F-9FC8-31DD428CAF62}.Debug|Any CPU.ActiveCfg = Debug|Any CPU
		{85E3C016-7091-418F-9FC8-31DD428CAF62}.Debug|Any CPU.Build.0 = Debug|Any CPU
		{85E3C016-7091-418F-9FC8-31DD428CAF62}.Release|Any CPU.ActiveCfg = Release|Any CPU
		{85E3C016-7091-418F-9FC8-31DD428CAF62}.Release|Any CPU.Build.0 = Release|Any CPU
		{FBDFD160-A708-4BB0-B49C-8B51ECE88E7E}.Debug|Any CPU.ActiveCfg = Debug|Any CPU
		{FBDFD160-A708-4BB0-B49C-8B51ECE88E7E}.Debug|Any CPU.Build.0 = Debug|Any CPU
		{FBDFD160-A708-4BB0-B49C-8B51ECE88E7E}.Release|Any CPU.ActiveCfg = Release|Any CPU
		{FBDFD160-A708-4BB0-B49C-8B51ECE88E7E}.Release|Any CPU.Build.0 = Release|Any CPU
		{4B1E1D12-D312-4057-92F8-38661A2D6095}.Debug|Any CPU.ActiveCfg = Debug|Any CPU
		{4B1E1D12-D312-4057-92F8-38661A2D6095}.Debug|Any CPU.Build.0 = Debug|Any CPU
		{4B1E1D12-D312-4057-92F8-38661A2D6095}.Release|Any CPU.ActiveCfg = Release|Any CPU
		{4B1E1D12-D312-4057-92F8-38661A2D6095}.Release|Any CPU.Build.0 = Release|Any CPU
		{7559AF3A-F1E7-44D9-9960-7B38313A9BFC}.Debug|Any CPU.ActiveCfg = Debug|Any CPU
		{7559AF3A-F1E7-44D9-9960-7B38313A9BFC}.Debug|Any CPU.Build.0 = Debug|Any CPU
		{7559AF3A-F1E7-44D9-9960-7B38313A9BFC}.Release|Any CPU.ActiveCfg = Release|Any CPU
		{7559AF3A-F1E7-44D9-9960-7B38313A9BFC}.Release|Any CPU.Build.0 = Release|Any CPU
		{762EDB6A-060B-4447-B67B-8E9772D8CADA}.Debug|Any CPU.ActiveCfg = Debug|Any CPU
		{762EDB6A-060B-4447-B67B-8E9772D8CADA}.Debug|Any CPU.Build.0 = Debug|Any CPU
		{762EDB6A-060B-4447-B67B-8E9772D8CADA}.Release|Any CPU.ActiveCfg = Release|Any CPU
		{762EDB6A-060B-4447-B67B-8E9772D8CADA}.Release|Any CPU.Build.0 = Release|Any CPU
		{F418531D-1E70-43FD-AFCB-927E45F26105}.Debug|Any CPU.ActiveCfg = Debug|Any CPU
		{F418531D-1E70-43FD-AFCB-927E45F26105}.Debug|Any CPU.Build.0 = Debug|Any CPU
		{F418531D-1E70-43FD-AFCB-927E45F26105}.Release|Any CPU.ActiveCfg = Release|Any CPU
		{F418531D-1E70-43FD-AFCB-927E45F26105}.Release|Any CPU.Build.0 = Release|Any CPU
		{6025D179-1294-4471-A40E-D38F535E310C}.Debug|Any CPU.ActiveCfg = Debug|Any CPU
		{6025D179-1294-4471-A40E-D38F535E310C}.Debug|Any CPU.Build.0 = Debug|Any CPU
		{6025D179-1294-4471-A40E-D38F535E310C}.Release|Any CPU.ActiveCfg = Release|Any CPU
		{6025D179-1294-4471-A40E-D38F535E310C}.Release|Any CPU.Build.0 = Release|Any CPU
		{90DAAE71-1FF7-48B7-8AF7-4EE8869B4A14}.Debug|Any CPU.ActiveCfg = Debug|Any CPU
		{90DAAE71-1FF7-48B7-8AF7-4EE8869B4A14}.Debug|Any CPU.Build.0 = Debug|Any CPU
		{90DAAE71-1FF7-48B7-8AF7-4EE8869B4A14}.Release|Any CPU.ActiveCfg = Release|Any CPU
		{90DAAE71-1FF7-48B7-8AF7-4EE8869B4A14}.Release|Any CPU.Build.0 = Release|Any CPU
		{2F0C29C9-1674-4036-8BB6-112123DF619A}.Debug|Any CPU.ActiveCfg = Debug|Any CPU
		{2F0C29C9-1674-4036-8BB6-112123DF619A}.Debug|Any CPU.Build.0 = Debug|Any CPU
		{2F0C29C9-1674-4036-8BB6-112123DF619A}.Release|Any CPU.ActiveCfg = Release|Any CPU
		{2F0C29C9-1674-4036-8BB6-112123DF619A}.Release|Any CPU.Build.0 = Release|Any CPU
	EndGlobalSection
	GlobalSection(SolutionProperties) = preSolution
		HideSolutionNode = FALSE
	EndGlobalSection
	GlobalSection(NestedProjects) = preSolution
		{4C26AA06-C661-4EBC-B66A-623F9BBA95FB} = {183D4AC0-102B-4F63-9E98-985741C19D85}
		{C9E27FEE-5C04-4AD2-A088-D6DBED56C7A7} = {183D4AC0-102B-4F63-9E98-985741C19D85}
		{345BD0FF-E5F5-4FA6-9A40-EAF1496D5AAF} = {183D4AC0-102B-4F63-9E98-985741C19D85}
		{A3831D1F-FE39-469B-B2FC-FEA1C4ED9D7A} = {4C26AA06-C661-4EBC-B66A-623F9BBA95FB}
		{E38F1F7C-B3A8-4C81-B5C8-4009F4F17BB2} = {4C26AA06-C661-4EBC-B66A-623F9BBA95FB}
		{4E089312-7E89-4E01-842A-B26458748387} = {C9E27FEE-5C04-4AD2-A088-D6DBED56C7A7}
		{B5F0D6D3-4CE4-4EF3-A4A7-5DB78E0DD2C0} = {C9E27FEE-5C04-4AD2-A088-D6DBED56C7A7}
		{85E3C016-7091-418F-9FC8-31DD428CAF62} = {345BD0FF-E5F5-4FA6-9A40-EAF1496D5AAF}
		{FBDFD160-A708-4BB0-B49C-8B51ECE88E7E} = {A3831D1F-FE39-469B-B2FC-FEA1C4ED9D7A}
		{B6198969-C703-4DBA-9806-96497769BC87} = {E38F1F7C-B3A8-4C81-B5C8-4009F4F17BB2}
		{E624B208-EA5F-497C-9860-0384A2DCDE95} = {E38F1F7C-B3A8-4C81-B5C8-4009F4F17BB2}
		{4B1E1D12-D312-4057-92F8-38661A2D6095} = {B6198969-C703-4DBA-9806-96497769BC87}
		{7559AF3A-F1E7-44D9-9960-7B38313A9BFC} = {E624B208-EA5F-497C-9860-0384A2DCDE95}
		{762EDB6A-060B-4447-B67B-8E9772D8CADA} = {4E089312-7E89-4E01-842A-B26458748387}
		{F418531D-1E70-43FD-AFCB-927E45F26105} = {B5F0D6D3-4CE4-4EF3-A4A7-5DB78E0DD2C0}
		{927A46DF-6799-4088-B25D-D0BC4BF3FB0F} = {183D4AC0-102B-4F63-9E98-985741C19D85}
		{6025D179-1294-4471-A40E-D38F535E310C} = {927A46DF-6799-4088-B25D-D0BC4BF3FB0F}
		{90DAAE71-1FF7-48B7-8AF7-4EE8869B4A14} = {345BD0FF-E5F5-4FA6-9A40-EAF1496D5AAF}
		{2F0C29C9-1674-4036-8BB6-112123DF619A} = {B5F0D6D3-4CE4-4EF3-A4A7-5DB78E0DD2C0}
	EndGlobalSection
	GlobalSection(ExtensibilityGlobals) = postSolution
		SolutionGuid = {5876F7B9-B188-46D5-878A-903DE83667E9}
	EndGlobalSection
EndGlobal
